
Microsoft Visual Studio Solution File, Format Version 12.00
# Visual Studio 15
VisualStudioVersion = 15.0.28307.1145
MinimumVisualStudioVersion = 10.0.40219.1
Project("{9A19103F-16F7-4668-BE54-9A1E7A4F7556}") = "TestForCompanies", "TestForCompanies\TestForCompanies.csproj", "{1BAF0FCB-D7D3-4979-8FCD-E00B035B5AD4}"
EndProject
Global
	GlobalSection(SolutionConfigurationPlatforms) = preSolution
		Debug|Any CPU = Debug|Any CPU
		Release|Any CPU = Release|Any CPU
	EndGlobalSection
	GlobalSection(ProjectConfigurationPlatforms) = postSolution
		{1BAF0FCB-D7D3-4979-8FCD-E00B035B5AD4}.Debug|Any CPU.ActiveCfg = Debug|Any CPU
		{1BAF0FCB-D7D3-4979-8FCD-E00B035B5AD4}.Debug|Any CPU.Build.0 = Debug|Any CPU
		{1BAF0FCB-D7D3-4979-8FCD-E00B035B5AD4}.Release|Any CPU.ActiveCfg = Release|Any CPU
		{1BAF0FCB-D7D3-4979-8FCD-E00B035B5AD4}.Release|Any CPU.Build.0 = Release|Any CPU
	EndGlobalSection
	GlobalSection(SolutionProperties) = preSolution
		HideSolutionNode = FALSE
	EndGlobalSection
	GlobalSection(ExtensibilityGlobals) = postSolution
		SolutionGuid = {81FDC023-E2CB-46E7-BCB6-3522C478C6E1}
	EndGlobalSection
EndGlobal
